
Microsoft Visual Studio Solution File, Format Version 12.00
# Visual Studio 15
VisualStudioVersion = 15.0.27004.2009
MinimumVisualStudioVersion = 10.0.40219.1
Project("{FAE04EC0-301F-11D3-BF4B-00C04F79EFBC}") = "Auctor", "Auctor\Auctor.csproj", "{F33E0FBC-A91F-46C3-9EF0-833A5B1FD91B}"
EndProject
Project("{2150E333-8FDC-42A3-9474-1A3956D46DE8}") = ".nuget", ".nuget", "{198B3F0A-699E-4A58-97CE-44DABBC3A921}"
	ProjectSection(SolutionItems) = preProject
		NuGet.config = NuGet.config
	EndProjectSection
EndProject
Project("{FAE04EC0-301F-11D3-BF4B-00C04F79EFBC}") = "Auctor.Common", "Auctor.Common\Auctor.Common.csproj", "{9ACC8998-9F5D-47AE-8EBE-CC3137A464A5}"
EndProject
Project("{FAE04EC0-301F-11D3-BF4B-00C04F79EFBC}") = "Auctor.Db", "Auctor.Db\Auctor.Db.csproj", "{6BE05792-4678-4214-A9B9-8F9F7BD5EF1B}"
EndProject
Project("{FAE04EC0-301F-11D3-BF4B-00C04F79EFBC}") = "Auctor.Domain", "Auctor.Domain\Auctor.Domain.csproj", "{9BACC0FC-110F-4D6B-BBC9-CE8A21615296}"
EndProject
Project("{FAE04EC0-301F-11D3-BF4B-00C04F79EFBC}") = "Auctor.Admin", "Auctor.Admin\Auctor.Admin.csproj", "{F1A13FCF-D2D1-4E46-8A1E-5AF1F83B645A}"
EndProject
Project("{FAE04EC0-301F-11D3-BF4B-00C04F79EFBC}") = "Auctor.Client", "Auctor.Client\Auctor.Client.csproj", "{885AF582-CAC9-4655-A0E0-44501BAFEBC1}"
EndProject
Global
	GlobalSection(SolutionConfigurationPlatforms) = preSolution
		Debug|Any CPU = Debug|Any CPU
		Release|Any CPU = Release|Any CPU
	EndGlobalSection
	GlobalSection(ProjectConfigurationPlatforms) = postSolution
		{F33E0FBC-A91F-46C3-9EF0-833A5B1FD91B}.Debug|Any CPU.ActiveCfg = Debug|Any CPU
		{F33E0FBC-A91F-46C3-9EF0-833A5B1FD91B}.Debug|Any CPU.Build.0 = Debug|Any CPU
		{F33E0FBC-A91F-46C3-9EF0-833A5B1FD91B}.Release|Any CPU.ActiveCfg = Release|Any CPU
		{F33E0FBC-A91F-46C3-9EF0-833A5B1FD91B}.Release|Any CPU.Build.0 = Release|Any CPU
		{9ACC8998-9F5D-47AE-8EBE-CC3137A464A5}.Debug|Any CPU.ActiveCfg = Debug|Any CPU
		{9ACC8998-9F5D-47AE-8EBE-CC3137A464A5}.Debug|Any CPU.Build.0 = Debug|Any CPU
		{9ACC8998-9F5D-47AE-8EBE-CC3137A464A5}.Release|Any CPU.ActiveCfg = Release|Any CPU
		{9ACC8998-9F5D-47AE-8EBE-CC3137A464A5}.Release|Any CPU.Build.0 = Release|Any CPU
		{6BE05792-4678-4214-A9B9-8F9F7BD5EF1B}.Debug|Any CPU.ActiveCfg = Debug|Any CPU
		{6BE05792-4678-4214-A9B9-8F9F7BD5EF1B}.Debug|Any CPU.Build.0 = Debug|Any CPU
		{6BE05792-4678-4214-A9B9-8F9F7BD5EF1B}.Release|Any CPU.ActiveCfg = Release|Any CPU
		{6BE05792-4678-4214-A9B9-8F9F7BD5EF1B}.Release|Any CPU.Build.0 = Release|Any CPU
		{9BACC0FC-110F-4D6B-BBC9-CE8A21615296}.Debug|Any CPU.ActiveCfg = Debug|Any CPU
		{9BACC0FC-110F-4D6B-BBC9-CE8A21615296}.Debug|Any CPU.Build.0 = Debug|Any CPU
		{9BACC0FC-110F-4D6B-BBC9-CE8A21615296}.Release|Any CPU.ActiveCfg = Release|Any CPU
		{9BACC0FC-110F-4D6B-BBC9-CE8A21615296}.Release|Any CPU.Build.0 = Release|Any CPU
		{F1A13FCF-D2D1-4E46-8A1E-5AF1F83B645A}.Debug|Any CPU.ActiveCfg = Debug|Any CPU
		{F1A13FCF-D2D1-4E46-8A1E-5AF1F83B645A}.Debug|Any CPU.Build.0 = Debug|Any CPU
		{F1A13FCF-D2D1-4E46-8A1E-5AF1F83B645A}.Release|Any CPU.ActiveCfg = Release|Any CPU
		{F1A13FCF-D2D1-4E46-8A1E-5AF1F83B645A}.Release|Any CPU.Build.0 = Release|Any CPU
		{885AF582-CAC9-4655-A0E0-44501BAFEBC1}.Debug|Any CPU.ActiveCfg = Debug|Any CPU
		{885AF582-CAC9-4655-A0E0-44501BAFEBC1}.Debug|Any CPU.Build.0 = Debug|Any CPU
		{885AF582-CAC9-4655-A0E0-44501BAFEBC1}.Release|Any CPU.ActiveCfg = Release|Any CPU
		{885AF582-CAC9-4655-A0E0-44501BAFEBC1}.Release|Any CPU.Build.0 = Release|Any CPU
	EndGlobalSection
	GlobalSection(SolutionProperties) = preSolution
		HideSolutionNode = FALSE
	EndGlobalSection
	GlobalSection(ExtensibilityGlobals) = postSolution
		SolutionGuid = {DB76BFAA-9088-4680-AC71-DF6E64CAE5CB}
	EndGlobalSection
EndGlobal
